{
    "_readme": [
        "This file locks the dependencies of your project to a known state",
        "Read more about it at https://getcomposer.org/doc/01-basic-usage.md#installing-dependencies",
        "This file is @generated automatically"
    ],
    "content-hash": "cca91d837c3e994af3f70c60e326793f",
    "packages": [
        {
            "name": "laminas/laminas-db",
            "version": "2.15.0",
            "source": {
                "type": "git",
                "url": "https://github.com/laminas/laminas-db.git",
                "reference": "1125ef2e55108bdfcc1f0030d3a0f9b895e09606"
            },
            "dist": {
                "type": "zip",
                "url": "https://api.github.com/repos/laminas/laminas-db/zipball/1125ef2e55108bdfcc1f0030d3a0f9b895e09606",
                "reference": "1125ef2e55108bdfcc1f0030d3a0f9b895e09606",
                "shasum": ""
            },
            "require": {
                "laminas/laminas-stdlib": "^3.7.1",
                "php": "^7.3 || ~8.0.0 || ~8.1.0"
            },
            "conflict": {
                "zendframework/zend-db": "*"
            },
            "require-dev": {
                "laminas/laminas-coding-standard": "~2.2.1",
                "laminas/laminas-eventmanager": "^3.4.0",
                "laminas/laminas-hydrator": "^3.2 || ^4.3",
                "laminas/laminas-servicemanager": "^3.7.0",
                "phpunit/phpunit": "^9.5.19"
            },
            "suggest": {
                "laminas/laminas-eventmanager": "Laminas\\EventManager component",
                "laminas/laminas-hydrator": "(^3.2 || ^4.3) Laminas\\Hydrator component for using HydratingResultSets",
                "laminas/laminas-servicemanager": "Laminas\\ServiceManager component"
            },
            "type": "library",
            "extra": {
                "laminas": {
                    "component": "Laminas\\Db",
                    "config-provider": "Laminas\\Db\\ConfigProvider"
                }
            },
            "autoload": {
                "psr-4": {
                    "Laminas\\Db\\": "src/"
                }
            },
            "notification-url": "https://packagist.org/downloads/",
            "license": [
                "BSD-3-Clause"
            ],
            "description": "Database abstraction layer, SQL abstraction, result set abstraction, and RowDataGateway and TableDataGateway implementations",
            "homepage": "https://laminas.dev",
            "keywords": [
                "db",
                "laminas"
            ],
            "support": {
                "chat": "https://laminas.dev/chat",
                "docs": "https://docs.laminas.dev/laminas-db/",
                "forum": "https://discourse.laminas.dev",
                "issues": "https://github.com/laminas/laminas-db/issues",
                "rss": "https://github.com/laminas/laminas-db/releases.atom",
                "source": "https://github.com/laminas/laminas-db"
            },
            "funding": [
                {
                    "url": "https://funding.communitybridge.org/projects/laminas-project",
                    "type": "community_bridge"
                }
            ],
            "time": "2022-04-11T13:26:20+00:00"
        },
        {
            "name": "laminas/laminas-filter",
            "version": "2.21.0",
            "source": {
                "type": "git",
                "url": "https://github.com/laminas/laminas-filter.git",
                "reference": "7835f3f3227b1892676cb7366fbed0e521cac845"
            },
            "dist": {
                "type": "zip",
                "url": "https://api.github.com/repos/laminas/laminas-filter/zipball/7835f3f3227b1892676cb7366fbed0e521cac845",
                "reference": "7835f3f3227b1892676cb7366fbed0e521cac845",
                "shasum": ""
            },
            "require": {
                "laminas/laminas-servicemanager": "^3.14.0",
                "laminas/laminas-stdlib": "^3.13.0",
                "php": "^7.4 || ~8.0.0 || ~8.1.0"
            },
            "conflict": {
                "laminas/laminas-validator": "<2.10.1",
                "zendframework/zend-filter": "*"
            },
            "require-dev": {
                "laminas/laminas-coding-standard": "~2.4.0",
                "laminas/laminas-crypt": "^3.5.1",
                "laminas/laminas-uri": "^2.9.1",
                "pear/archive_tar": "^1.4.14",
                "phpspec/prophecy-phpunit": "^2.0.1",
                "phpunit/phpunit": "^9.5.24",
                "psalm/plugin-phpunit": "^0.17.0",
                "psr/http-factory": "^1.0.1",
                "vimeo/psalm": "^4.27.0"
            },
            "suggest": {
                "laminas/laminas-crypt": "Laminas\\Crypt component, for encryption filters",
                "laminas/laminas-i18n": "Laminas\\I18n component for filters depending on i18n functionality",
                "laminas/laminas-uri": "Laminas\\Uri component, for the UriNormalize filter",
                "psr/http-factory-implementation": "psr/http-factory-implementation, for creating file upload instances when consuming PSR-7 in file upload filters"
            },
            "type": "library",
            "extra": {
                "laminas": {
                    "component": "Laminas\\Filter",
                    "config-provider": "Laminas\\Filter\\ConfigProvider"
                }
            },
            "autoload": {
                "psr-4": {
                    "Laminas\\Filter\\": "src/"
                }
            },
            "notification-url": "https://packagist.org/downloads/",
            "license": [
                "BSD-3-Clause"
            ],
            "description": "Programmatically filter and normalize data and files",
            "homepage": "https://laminas.dev",
            "keywords": [
                "filter",
                "laminas"
            ],
            "support": {
                "chat": "https://laminas.dev/chat",
                "docs": "https://docs.laminas.dev/laminas-filter/",
                "forum": "https://discourse.laminas.dev",
                "issues": "https://github.com/laminas/laminas-filter/issues",
                "rss": "https://github.com/laminas/laminas-filter/releases.atom",
                "source": "https://github.com/laminas/laminas-filter"
            },
            "funding": [
                {
                    "url": "https://funding.communitybridge.org/projects/laminas-project",
                    "type": "community_bridge"
                }
            ],
            "time": "2022-09-30T09:15:24+00:00"
        },
        {
            "name": "laminas/laminas-form",
            "version": "3.4.1",
            "source": {
                "type": "git",
                "url": "https://github.com/laminas/laminas-form.git",
                "reference": "cd3f9d3e345b075d34793e46b0759a4dfd12f674"
            },
            "dist": {
                "type": "zip",
                "url": "https://api.github.com/repos/laminas/laminas-form/zipball/cd3f9d3e345b075d34793e46b0759a4dfd12f674",
                "reference": "cd3f9d3e345b075d34793e46b0759a4dfd12f674",
                "shasum": ""
            },
            "require": {
                "laminas/laminas-hydrator": "^4.3.1",
                "laminas/laminas-inputfilter": "^2.19.1",
                "laminas/laminas-stdlib": "^3.7.1",
                "php": "^7.4 || ~8.0.0 || ~8.1.0"
            },
            "conflict": {
                "doctrine/annotations": "<1.12.0",
                "laminas/laminas-captcha": "<2.11.0",
                "laminas/laminas-eventmanager": "<3.4.0",
                "laminas/laminas-i18n": "<2.12.0",
                "laminas/laminas-recaptcha": "<3.4.0",
                "laminas/laminas-servicemanager": "<3.10.0",
                "laminas/laminas-view": "<2.14.0"
            },
            "require-dev": {
                "doctrine/annotations": "^1.13.3",
                "ext-intl": "*",
                "laminas/laminas-captcha": "^2.11.0",
                "laminas/laminas-coding-standard": "^2.3.0",
                "laminas/laminas-db": "^2.13.4",
                "laminas/laminas-escaper": "^2.9.0",
                "laminas/laminas-eventmanager": "^3.4.0",
                "laminas/laminas-filter": "^2.14.0",
                "laminas/laminas-i18n": "^2.14.0",
                "laminas/laminas-modulemanager": "^2.11.0",
                "laminas/laminas-recaptcha": "^3.4.0",
                "laminas/laminas-servicemanager": "^3.15.1",
                "laminas/laminas-session": "^2.12.1",
                "laminas/laminas-text": "^2.9.0",
                "laminas/laminas-validator": "^2.16.0",
                "laminas/laminas-view": "^2.19.1",
                "phpspec/prophecy-phpunit": "^2.0.1",
                "phpunit/phpunit": "^9.5.14",
                "psalm/plugin-phpunit": "^0.17.0",
                "vimeo/psalm": "^4.21.0"
            },
            "suggest": {
                "doctrine/annotations": "^1.12, required to use laminas-form annotations support",
                "laminas/laminas-captcha": "^2.11, required for using CAPTCHA form elements",
                "laminas/laminas-eventmanager": "^3.4, reuired for laminas-form annotations support",
                "laminas/laminas-i18n": "^2.12, required when using laminas-form view helpers",
                "laminas/laminas-recaptcha": "^3.4, in order to use the ReCaptcha form element",
                "laminas/laminas-servicemanager": "^3.10, required to use the form factories or provide services",
                "laminas/laminas-view": "^2.14, required for using the laminas-form view helpers"
            },
            "type": "library",
            "extra": {
                "laminas": {
                    "component": "Laminas\\Form",
                    "config-provider": "Laminas\\Form\\ConfigProvider"
                }
            },
            "autoload": {
                "psr-4": {
                    "Laminas\\Form\\": "src/"
                }
            },
            "notification-url": "https://packagist.org/downloads/",
            "license": [
                "BSD-3-Clause"
            ],
            "description": "Validate and display simple and complex forms, casting forms to business objects and vice versa",
            "homepage": "https://laminas.dev",
            "keywords": [
                "form",
                "laminas"
            ],
            "support": {
                "chat": "https://laminas.dev/chat",
                "docs": "https://docs.laminas.dev/laminas-form/",
                "forum": "https://discourse.laminas.dev",
                "issues": "https://github.com/laminas/laminas-form/issues",
                "rss": "https://github.com/laminas/laminas-form/releases.atom",
                "source": "https://github.com/laminas/laminas-form"
            },
            "funding": [
                {
                    "url": "https://funding.communitybridge.org/projects/laminas-project",
                    "type": "community_bridge"
                }
            ],
            "time": "2022-08-01T09:48:44+00:00"
        },
        {
            "name": "laminas/laminas-hydrator",
            "version": "4.5.0",
            "source": {
                "type": "git",
                "url": "https://github.com/laminas/laminas-hydrator.git",
                "reference": "bc849d46fb44e96dd93f7479e21266185ad3def3"
            },
            "dist": {
                "type": "zip",
                "url": "https://api.github.com/repos/laminas/laminas-hydrator/zipball/bc849d46fb44e96dd93f7479e21266185ad3def3",
                "reference": "bc849d46fb44e96dd93f7479e21266185ad3def3",
                "shasum": ""
            },
            "require": {
                "laminas/laminas-stdlib": "^3.3",
                "php": "^7.4 || ~8.0.0 || ~8.1.0",
                "webmozart/assert": "^1.10"
            },
            "conflict": {
                "laminas/laminas-servicemanager": "<3.14.0",
                "zendframework/zend-hydrator": "*"
            },
            "require-dev": {
                "laminas/laminas-coding-standard": "~2.3.0",
                "laminas/laminas-eventmanager": "^3.5.0",
                "laminas/laminas-modulemanager": "^2.11.0",
                "laminas/laminas-serializer": "^2.13.0",
                "laminas/laminas-servicemanager": "^3.14.0",
                "phpbench/phpbench": "^1.2.5",
                "phpunit/phpunit": "~9.5.21",
                "psalm/plugin-phpunit": "^0.17.0",
                "psr/cache": "1.0.1",
                "vimeo/psalm": "^4.24.0"
            },
            "suggest": {
                "laminas/laminas-eventmanager": "^3.2, to support aggregate hydrator usage",
                "laminas/laminas-serializer": "^2.9, to use the SerializableStrategy",
                "laminas/laminas-servicemanager": "^3.14, to support hydrator plugin manager usage"
            },
            "type": "library",
            "extra": {
                "laminas": {
                    "component": "Laminas\\Hydrator",
                    "config-provider": "Laminas\\Hydrator\\ConfigProvider"
                }
            },
            "autoload": {
                "psr-4": {
                    "Laminas\\Hydrator\\": "src/"
                }
            },
            "notification-url": "https://packagist.org/downloads/",
            "license": [
                "BSD-3-Clause"
            ],
            "description": "Serialize objects to arrays, and vice versa",
            "homepage": "https://laminas.dev",
            "keywords": [
                "hydrator",
                "laminas"
            ],
            "support": {
                "chat": "https://laminas.dev/chat",
                "docs": "https://docs.laminas.dev/laminas-hydrator/",
                "forum": "https://discourse.laminas.dev",
                "issues": "https://github.com/laminas/laminas-hydrator/issues",
                "rss": "https://github.com/laminas/laminas-hydrator/releases.atom",
                "source": "https://github.com/laminas/laminas-hydrator"
            },
            "funding": [
                {
                    "url": "https://funding.communitybridge.org/projects/laminas-project",
                    "type": "community_bridge"
                }
            ],
            "time": "2022-07-13T13:58:31+00:00"
        },
        {
            "name": "laminas/laminas-inputfilter",
            "version": "2.21.0",
            "source": {
                "type": "git",
                "url": "https://github.com/laminas/laminas-inputfilter.git",
                "reference": "8668227246d19564f339643f0f2aedcdff66612b"
            },
            "dist": {
                "type": "zip",
                "url": "https://api.github.com/repos/laminas/laminas-inputfilter/zipball/8668227246d19564f339643f0f2aedcdff66612b",
                "reference": "8668227246d19564f339643f0f2aedcdff66612b",
                "shasum": ""
            },
            "require": {
                "laminas/laminas-filter": "^2.13",
                "laminas/laminas-servicemanager": "^3.16.0",
                "laminas/laminas-stdlib": "^3.0",
                "laminas/laminas-validator": "^2.15",
                "php": "^7.4 || ~8.0.0 || ~8.1.0"
            },
            "conflict": {
                "zendframework/zend-inputfilter": "*"
            },
            "require-dev": {
                "ext-json": "*",
                "laminas/laminas-coding-standard": "~2.4.0",
                "laminas/laminas-db": "^2.15.0",
                "phpunit/phpunit": "^9.5.24",
                "psalm/plugin-phpunit": "^0.17.0",
                "psr/http-message": "^1.0",
                "vimeo/psalm": "^4.27.0",
                "webmozart/assert": "^1.11"
            },
            "suggest": {
                "psr/http-message-implementation": "PSR-7 is required if you wish to validate PSR-7 UploadedFileInterface payloads"
            },
            "type": "library",
            "extra": {
                "laminas": {
                    "component": "Laminas\\InputFilter",
                    "config-provider": "Laminas\\InputFilter\\ConfigProvider"
                }
            },
            "autoload": {
                "psr-4": {
                    "Laminas\\InputFilter\\": "src/"
                }
            },
            "notification-url": "https://packagist.org/downloads/",
            "license": [
                "BSD-3-Clause"
            ],
            "description": "Normalize and validate input sets from the web, APIs, the CLI, and more, including files",
            "homepage": "https://laminas.dev",
            "keywords": [
                "inputfilter",
                "laminas"
            ],
            "support": {
                "chat": "https://laminas.dev/chat",
                "docs": "https://docs.laminas.dev/laminas-inputfilter/",
                "forum": "https://discourse.laminas.dev",
                "issues": "https://github.com/laminas/laminas-inputfilter/issues",
                "rss": "https://github.com/laminas/laminas-inputfilter/releases.atom",
                "source": "https://github.com/laminas/laminas-inputfilter"
            },
            "funding": [
                {
                    "url": "https://funding.communitybridge.org/projects/laminas-project",
                    "type": "community_bridge"
                }
            ],
            "time": "2022-09-20T10:03:09+00:00"
        },
        {
            "name": "laminas/laminas-servicemanager",
            "version": "3.17.0",
            "source": {
                "type": "git",
                "url": "https://github.com/laminas/laminas-servicemanager.git",
                "reference": "360be5f16955dd1edbcce1cfaa98ed82a17f02ec"
            },
            "dist": {
                "type": "zip",
                "url": "https://api.github.com/repos/laminas/laminas-servicemanager/zipball/360be5f16955dd1edbcce1cfaa98ed82a17f02ec",
                "reference": "360be5f16955dd1edbcce1cfaa98ed82a17f02ec",
                "shasum": ""
            },
            "require": {
                "laminas/laminas-stdlib": "^3.2.1",
                "php": "~7.4.0 || ~8.0.0 || ~8.1.0",
                "psr/container": "^1.0"
            },
            "conflict": {
                "ext-psr": "*",
                "laminas/laminas-code": "<3.3.1",
                "zendframework/zend-code": "<3.3.1",
                "zendframework/zend-servicemanager": "*"
            },
            "provide": {
                "psr/container-implementation": "^1.0"
            },
            "replace": {
                "container-interop/container-interop": "^1.2.0"
            },
            "require-dev": {
                "composer/package-versions-deprecated": "^1.0",
                "laminas/laminas-coding-standard": "~2.4.0",
                "laminas/laminas-container-config-test": "^0.7",
                "laminas/laminas-dependency-plugin": "^2.1.2",
                "mikey179/vfsstream": "^1.6.10@alpha",
                "ocramius/proxy-manager": "^2.11",
                "phpbench/phpbench": "^1.1",
                "phpspec/prophecy-phpunit": "^2.0",
                "phpunit/phpunit": "^9.5.5",
                "psalm/plugin-phpunit": "^0.17.0",
                "vimeo/psalm": "^4.8"
            },
            "suggest": {
                "ocramius/proxy-manager": "ProxyManager ^2.1.1 to handle lazy initialization of services"
            },
            "bin": [
                "bin/generate-deps-for-config-factory",
                "bin/generate-factory-for-class"
            ],
            "type": "library",
            "autoload": {
                "files": [
                    "src/autoload.php"
                ],
                "psr-4": {
                    "Laminas\\ServiceManager\\": "src/"
                }
            },
            "notification-url": "https://packagist.org/downloads/",
            "license": [
                "BSD-3-Clause"
            ],
            "description": "Factory-Driven Dependency Injection Container",
            "homepage": "https://laminas.dev",
            "keywords": [
                "PSR-11",
                "dependency-injection",
                "di",
                "dic",
                "laminas",
                "service-manager",
                "servicemanager"
            ],
            "support": {
                "chat": "https://laminas.dev/chat",
                "docs": "https://docs.laminas.dev/laminas-servicemanager/",
                "forum": "https://discourse.laminas.dev",
                "issues": "https://github.com/laminas/laminas-servicemanager/issues",
                "rss": "https://github.com/laminas/laminas-servicemanager/releases.atom",
                "source": "https://github.com/laminas/laminas-servicemanager"
            },
            "funding": [
                {
                    "url": "https://funding.communitybridge.org/projects/laminas-project",
                    "type": "community_bridge"
                }
            ],
            "time": "2022-09-22T11:33:46+00:00"
        },
        {
            "name": "laminas/laminas-stdlib",
            "version": "3.13.0",
            "source": {
                "type": "git",
                "url": "https://github.com/laminas/laminas-stdlib.git",
                "reference": "66a6d03c381f6c9f1dd988bf8244f9afb9380d76"
            },
            "dist": {
                "type": "zip",
                "url": "https://api.github.com/repos/laminas/laminas-stdlib/zipball/66a6d03c381f6c9f1dd988bf8244f9afb9380d76",
                "reference": "66a6d03c381f6c9f1dd988bf8244f9afb9380d76",
                "shasum": ""
            },
            "require": {
                "php": "^7.4 || ~8.0.0 || ~8.1.0"
            },
            "conflict": {
                "zendframework/zend-stdlib": "*"
            },
            "require-dev": {
                "laminas/laminas-coding-standard": "~2.3.0",
                "phpbench/phpbench": "^1.2.6",
                "phpstan/phpdoc-parser": "^0.5.4",
                "phpunit/phpunit": "^9.5.23",
                "psalm/plugin-phpunit": "^0.17.0",
                "vimeo/psalm": "^4.26"
            },
            "type": "library",
            "autoload": {
                "psr-4": {
                    "Laminas\\Stdlib\\": "src/"
                }
            },
            "notification-url": "https://packagist.org/downloads/",
            "license": [
                "BSD-3-Clause"
            ],
            "description": "SPL extensions, array utilities, error handlers, and more",
            "homepage": "https://laminas.dev",
            "keywords": [
                "laminas",
                "stdlib"
            ],
            "support": {
                "chat": "https://laminas.dev/chat",
                "docs": "https://docs.laminas.dev/laminas-stdlib/",
                "forum": "https://discourse.laminas.dev",
                "issues": "https://github.com/laminas/laminas-stdlib/issues",
                "rss": "https://github.com/laminas/laminas-stdlib/releases.atom",
                "source": "https://github.com/laminas/laminas-stdlib"
            },
            "funding": [
                {
                    "url": "https://funding.communitybridge.org/projects/laminas-project",
                    "type": "community_bridge"
                }
            ],
            "time": "2022-08-24T13:56:50+00:00"
        },
        {
            "name": "laminas/laminas-validator",
            "version": "2.25.0",
            "source": {
                "type": "git",
                "url": "https://github.com/laminas/laminas-validator.git",
                "reference": "42de39b78e73b321db7d948cf8530a2764f8b9aa"
            },
            "dist": {
                "type": "zip",
                "url": "https://api.github.com/repos/laminas/laminas-validator/zipball/42de39b78e73b321db7d948cf8530a2764f8b9aa",
                "reference": "42de39b78e73b321db7d948cf8530a2764f8b9aa",
                "shasum": ""
            },
            "require": {
                "laminas/laminas-servicemanager": "^3.12.0",
                "laminas/laminas-stdlib": "^3.13",
                "php": "^7.4 || ~8.0.0 || ~8.1.0"
            },
            "conflict": {
                "zendframework/zend-validator": "*"
            },
            "require-dev": {
                "laminas/laminas-coding-standard": "^2.4.0",
                "laminas/laminas-db": "^2.15.0",
                "laminas/laminas-filter": "^2.18.0",
                "laminas/laminas-http": "^2.16.0",
                "laminas/laminas-i18n": "^2.17.0",
                "laminas/laminas-session": "^2.13.0",
                "laminas/laminas-uri": "^2.9.1",
                "phpspec/prophecy-phpunit": "^2.0",
                "phpunit/phpunit": "^9.5.24",
                "psalm/plugin-phpunit": "^0.17.0",
                "psr/http-client": "^1.0",
                "psr/http-factory": "^1.0",
                "psr/http-message": "^1.0",
                "vimeo/psalm": "^4.27.0"
            },
            "suggest": {
                "laminas/laminas-db": "Laminas\\Db component, required by the (No)RecordExists validator",
                "laminas/laminas-filter": "Laminas\\Filter component, required by the Digits validator",
                "laminas/laminas-i18n": "Laminas\\I18n component to allow translation of validation error messages",
                "laminas/laminas-i18n-resources": "Translations of validator messages",
                "laminas/laminas-servicemanager": "Laminas\\ServiceManager component to allow using the ValidatorPluginManager and validator chains",
                "laminas/laminas-session": "Laminas\\Session component, ^2.8; required by the Csrf validator",
                "laminas/laminas-uri": "Laminas\\Uri component, required by the Uri and Sitemap\\Loc validators",
                "psr/http-message": "psr/http-message, required when validating PSR-7 UploadedFileInterface instances via the Upload and UploadFile validators"
            },
            "type": "library",
            "extra": {
                "laminas": {
                    "component": "Laminas\\Validator",
                    "config-provider": "Laminas\\Validator\\ConfigProvider"
                }
            },
            "autoload": {
                "psr-4": {
                    "Laminas\\Validator\\": "src/"
                }
            },
            "notification-url": "https://packagist.org/downloads/",
            "license": [
                "BSD-3-Clause"
            ],
            "description": "Validation classes for a wide range of domains, and the ability to chain validators to create complex validation criteria",
            "homepage": "https://laminas.dev",
            "keywords": [
                "laminas",
                "validator"
            ],
            "support": {
                "chat": "https://laminas.dev/chat",
                "docs": "https://docs.laminas.dev/laminas-validator/",
                "forum": "https://discourse.laminas.dev",
                "issues": "https://github.com/laminas/laminas-validator/issues",
                "rss": "https://github.com/laminas/laminas-validator/releases.atom",
                "source": "https://github.com/laminas/laminas-validator"
            },
            "funding": [
                {
                    "url": "https://funding.communitybridge.org/projects/laminas-project",
                    "type": "community_bridge"
                }
            ],
            "time": "2022-09-20T11:33:19+00:00"
        },
        {
            "name": "psr/container",
            "version": "1.1.2",
            "source": {
                "type": "git",
                "url": "https://github.com/php-fig/container.git",
                "reference": "513e0666f7216c7459170d56df27dfcefe1689ea"
            },
            "dist": {
                "type": "zip",
                "url": "https://api.github.com/repos/php-fig/container/zipball/513e0666f7216c7459170d56df27dfcefe1689ea",
                "reference": "513e0666f7216c7459170d56df27dfcefe1689ea",
                "shasum": ""
            },
            "require": {
                "php": ">=7.4.0"
            },
            "type": "library",
            "autoload": {
                "psr-4": {
                    "Psr\\Container\\": "src/"
                }
            },
            "notification-url": "https://packagist.org/downloads/",
            "license": [
                "MIT"
            ],
            "authors": [
                {
                    "name": "PHP-FIG",
                    "homepage": "https://www.php-fig.org/"
                }
            ],
            "description": "Common Container Interface (PHP FIG PSR-11)",
            "homepage": "https://github.com/php-fig/container",
            "keywords": [
                "PSR-11",
                "container",
                "container-interface",
                "container-interop",
                "psr"
            ],
            "support": {
                "issues": "https://github.com/php-fig/container/issues",
                "source": "https://github.com/php-fig/container/tree/1.1.2"
            },
            "time": "2021-11-05T16:50:12+00:00"
        },
        {
            "name": "webmozart/assert",
            "version": "1.11.0",
            "source": {
                "type": "git",
                "url": "https://github.com/webmozarts/assert.git",
                "reference": "11cb2199493b2f8a3b53e7f19068fc6aac760991"
            },
            "dist": {
                "type": "zip",
                "url": "https://api.github.com/repos/webmozarts/assert/zipball/11cb2199493b2f8a3b53e7f19068fc6aac760991",
                "reference": "11cb2199493b2f8a3b53e7f19068fc6aac760991",
                "shasum": ""
            },
            "require": {
                "ext-ctype": "*",
                "php": "^7.2 || ^8.0"
            },
            "conflict": {
                "phpstan/phpstan": "<0.12.20",
                "vimeo/psalm": "<4.6.1 || 4.6.2"
            },
            "require-dev": {
                "phpunit/phpunit": "^8.5.13"
            },
            "type": "library",
            "extra": {
                "branch-alias": {
                    "dev-master": "1.10-dev"
                }
            },
            "autoload": {
                "psr-4": {
                    "Webmozart\\Assert\\": "src/"
                }
            },
            "notification-url": "https://packagist.org/downloads/",
            "license": [
                "MIT"
            ],
            "authors": [
                {
                    "name": "Bernhard Schussek",
                    "email": "bschussek@gmail.com"
                }
            ],
            "description": "Assertions to validate method input/output with nice error messages.",
            "keywords": [
                "assert",
                "check",
                "validate"
            ],
            "support": {
                "issues": "https://github.com/webmozarts/assert/issues",
                "source": "https://github.com/webmozarts/assert/tree/1.11.0"
            },
            "time": "2022-06-03T18:03:27+00:00"
        }
    ],
    "packages-dev": [],
    "aliases": [],
    "minimum-stability": "stable",
    "stability-flags": [],
    "prefer-stable": false,
    "prefer-lowest": false,
    "platform": [],
    "platform-dev": [],
    "plugin-api-version": "2.3.0"
}
